
Microsoft Visual Studio Solution File, Format Version 12.00
# Visual Studio Version 17
VisualStudioVersion = 17.7.34031.279
MinimumVisualStudioVersion = 10.0.40219.1
Project("{FAE04EC0-301F-11D3-BF4B-00C04F79EFBC}") = "NorthWindCodeFirst", "ConsoleApp2\NorthWindCodeFirst.csproj", "{CD5905BE-8284-48FD-9600-6F60085B2145}"
EndProject
Global
	GlobalSection(SolutionConfigurationPlatforms) = preSolution
		Debug|Any CPU = Debug|Any CPU
		Release|Any CPU = Release|Any CPU
	EndGlobalSection
	GlobalSection(ProjectConfigurationPlatforms) = postSolution
		{CD5905BE-8284-48FD-9600-6F60085B2145}.Debug|Any CPU.ActiveCfg = Debug|Any CPU
		{CD5905BE-8284-48FD-9600-6F60085B2145}.Debug|Any CPU.Build.0 = Debug|Any CPU
		{CD5905BE-8284-48FD-9600-6F60085B2145}.Release|Any CPU.ActiveCfg = Release|Any CPU
		{CD5905BE-8284-48FD-9600-6F60085B2145}.Release|Any CPU.Build.0 = Release|Any CPU
	EndGlobalSection
	GlobalSection(SolutionProperties) = preSolution
		HideSolutionNode = FALSE
	EndGlobalSection
	GlobalSection(ExtensibilityGlobals) = postSolution
		SolutionGuid = {19668E64-F5B5-418F-BB68-6456B42C3A11}
	EndGlobalSection
EndGlobal
